{
  "name": "ngx-moveable",
  "version": "0.4.2",
  "lockfileVersion": 1,
  "requires": true,
  "dependencies": {
    "@daybrush/drag": {
      "version": "0.9.1",
      "resolved": "https://registry.npmjs.org/@daybrush/drag/-/drag-0.9.1.tgz",
      "integrity": "sha512-Y1/Ih0xJAgf1SitmVMmY4ylXhzRk+xW2jylj9l5DLGXFTmKYcC5kEC4lFhMRCLGO+sP7NFDZtky830eHS5cA0Q==",
      "requires": {
        "@daybrush/utils": "^0.10.0"
      }
    },
    "@daybrush/utils": {
      "version": "0.10.1",
      "resolved": "https://registry.npmjs.org/@daybrush/utils/-/utils-0.10.1.tgz",
      "integrity": "sha512-pKnlI3C+u/qgkhypQQT9G7YwEmBp+6XD5ZHzVCKtA0avuku//KGdLoIT6QL78aXI7ZPlJwY31t24+6xkxqdoJg=="
    },
    "@egjs/agent": {
      "version": "2.1.5",
      "resolved": "https://registry.npmjs.org/@egjs/agent/-/agent-2.1.5.tgz",
      "integrity": "sha512-PfdMXd+4WiZN9Xcc1MU31w/RSi6GK6hgufuADRKNY60nXvT34dnXaIyEQlTBkviDfYSOZ8kYW66udyiEMcpqVA=="
    },
    "@egjs/children-differ": {
      "version": "1.0.0",
      "resolved": "https://registry.npmjs.org/@egjs/children-differ/-/children-differ-1.0.0.tgz",
      "integrity": "sha512-NxaJx+dzLUVqLb6iPcu7Mt5m2HDH55VqqZUxGKZ74DKAsL1jxbXSv0jeql0ShN6ZuocULLgr+fztz2bsaBBLkQ==",
      "requires": {
        "@egjs/list-differ": "^1.0.0"
      }
    },
    "@egjs/component": {
      "version": "2.1.2",
      "resolved": "https://registry.npmjs.org/@egjs/component/-/component-2.1.2.tgz",
      "integrity": "sha512-7tnPiqxbSZ0porzlm0+/O3qZdanMj0zOq0sb17wQXuaRG49XKKKJaO+SacGnZDqf308N5hzJ0m9fZ4+j+VBvXA=="
    },
    "@egjs/list-differ": {
      "version": "1.0.0",
      "resolved": "https://registry.npmjs.org/@egjs/list-differ/-/list-differ-1.0.0.tgz",
      "integrity": "sha512-HsbMKc0ZAQH+EUeCmI/2PvTYSybmkaWwakU8QGDYYgMVIg9BQ5sM0A0Nnombjxo2+JzXHxmH+jw//yGX+y6GYw=="
    },
    "framework-utils": {
      "version": "0.2.1",
      "resolved": "https://registry.npmjs.org/framework-utils/-/framework-utils-0.2.1.tgz",
      "integrity": "sha512-KSB3kl/hlR4LiKBbK3hEydNFgj1fM3ymmxTmT9doeUVaMr7mTpIRmeTJ3/aCMl52Z0/It8Fm5pEJBQRLcb/yCw=="
    },
    "immutability-helper": {
      "version": "2.9.1",
      "resolved": "https://registry.npmjs.org/immutability-helper/-/immutability-helper-2.9.1.tgz",
      "integrity": "sha512-r/RmRG8xO06s/k+PIaif2r5rGc3j4Yhc01jSBfwPCXDLYZwp/yxralI37Df1mwmuzcCsen/E/ITKcTEvc1PQmQ==",
      "requires": {
        "invariant": "^2.2.0"
      }
    },
    "invariant": {
      "version": "2.2.4",
      "resolved": "https://registry.npmjs.org/invariant/-/invariant-2.2.4.tgz",
      "integrity": "sha512-phJfQVBuaJM5raOpJjSfkiD6BpbCE4Ns//LaXl6wGYtUBY83nWS6Rf9tXm2e8VaK60JEjYldbPif/A2B1C2gNA==",
      "requires": {
        "loose-envify": "^1.0.0"
      }
    },
    "js-tokens": {
      "version": "4.0.0",
      "resolved": "https://registry.npmjs.org/js-tokens/-/js-tokens-4.0.0.tgz",
      "integrity": "sha512-RdJUflcE3cUzKiMqQgsCu06FPu9UdIJO0beYbPhHN4k6apgJtifcoCtT9bcxOpYBtpD2kCM6Sbzg4CausW/PKQ=="
    },
    "loose-envify": {
      "version": "1.4.0",
      "resolved": "https://registry.npmjs.org/loose-envify/-/loose-envify-1.4.0.tgz",
      "integrity": "sha512-lyuxPGr/Wfhrlem2CL/UcnUc1zcqKAImBDzukY7Y5F/yQiNdko6+fRLevlw1HgMySw7f611UIY408EtxRSoK3Q==",
      "requires": {
        "js-tokens": "^3.0.0 || ^4.0.0"
      }
    },
    "moveable": {
      "version": "0.8.0",
      "resolved": "https://registry.npmjs.org/moveable/-/moveable-0.8.0.tgz",
      "integrity": "sha512-rCUy4HpUzDQFujh2c5Z2PRLYYlQijgmpoTc9r2m6ALGTmH+2AMUGfEONp4Pwd0/yyG726EqN7xtMV6lrgmzzlA==",
      "requires": {
        "@daybrush/drag": "^0.9.1",
        "@daybrush/utils": "^0.10.1",
        "@egjs/agent": "^2.1.5",
        "@egjs/children-differ": "^1.0.0",
        "@egjs/component": "^2.1.2",
        "framework-utils": "^0.2.0",
        "preact-moveable": "^0.10.1"
      }
    },
    "object-assign": {
      "version": "4.1.1",
      "resolved": "https://registry.npmjs.org/object-assign/-/object-assign-4.1.1.tgz",
      "integrity": "sha1-IQmtx5ZYh8/AXLvUQsrIv7s2CGM="
    },
    "preact-compat": {
      "version": "3.19.0",
      "resolved": "https://registry.npmjs.org/preact-compat/-/preact-compat-3.19.0.tgz",
      "integrity": "sha512-f83A4hIhH8Uzhb9GbIcGk8SM19ffWlwP9mDaYwQdRnMdekZwcCA7eIAbeV4EMQaV9C0Yuy8iKgBAtyTKPZQt/Q==",
      "requires": {
        "immutability-helper": "^2.7.1",
        "preact-context": "^1.1.3",
        "preact-render-to-string": "^3.8.2",
        "preact-transition-group": "^1.1.1",
        "prop-types": "^15.6.2",
        "standalone-react-addons-pure-render-mixin": "^0.1.1"
      }
    },
    "preact-context": {
      "version": "1.1.3",
      "resolved": "https://registry.npmjs.org/preact-context/-/preact-context-1.1.3.tgz",
      "integrity": "sha512-2LcpjZG6JUhBgqziVH+nJtmu9PS5KzWoFx6wX2svXw0oBHhU6e8tQZhEkKLMOAxdmj7gVzApfS/B6V+fjJ/llA=="
    },
    "preact-css-styler": {
      "version": "0.4.1",
      "resolved": "https://registry.npmjs.org/preact-css-styler/-/preact-css-styler-0.4.1.tgz",
      "integrity": "sha512-5lPjeSpSm+oPn0YFiGXJ90Ln92sf7KGzcalhw4iMuBbka1HNgjC8oqLEIdbIrNmFoQ0BWdzNoA50mLmy8Dt0jA==",
      "requires": {
        "@daybrush/utils": "^0.10.0",
        "preact-compat": "^3.19.0"
      }
    },
    "preact-moveable": {
      "version": "0.10.1",
      "resolved": "https://registry.npmjs.org/preact-moveable/-/preact-moveable-0.10.1.tgz",
      "integrity": "sha512-uNeTJ3uHnzItZ7Um9iwjtaqnXlHazrA67/5C4goXtmEVE3tabjCpkRVm3CTVQ+GRit462CjrTzjv3V/qgO3tJQ==",
      "requires": {
        "@daybrush/drag": "^0.9.1",
        "@daybrush/utils": "^0.10.1",
        "@egjs/agent": "^2.1.5",
        "framework-utils": "^0.2.1",
        "preact-compat": "^3.19.0",
        "preact-css-styler": "^0.4.1",
        "react-moveable": "^0.11.0"
      }
    },
    "preact-render-to-string": {
      "version": "3.8.2",
      "resolved": "https://registry.npmjs.org/preact-render-to-string/-/preact-render-to-string-3.8.2.tgz",
      "integrity": "sha512-przuZPajiurStGgxMoJP0EJeC4xj5CgHv+M7GfF3YxAdhGgEWAkhOSE0xympAFN20uMayntBZpttIZqqLl77fw==",
      "requires": {
        "pretty-format": "^3.5.1"
      }
    },
    "preact-transition-group": {
      "version": "1.1.1",
      "resolved": "https://registry.npmjs.org/preact-transition-group/-/preact-transition-group-1.1.1.tgz",
      "integrity": "sha1-8KSTJ+pRXs406ivoZMSn0p5dbhA="
    },
    "pretty-format": {
      "version": "3.8.0",
      "resolved": "https://registry.npmjs.org/pretty-format/-/pretty-format-3.8.0.tgz",
      "integrity": "sha1-v77VbV6ad2ZF9LH/eqGjrE+jw4U="
    },
    "prop-types": {
      "version": "15.7.2",
      "resolved": "https://registry.npmjs.org/prop-types/-/prop-types-15.7.2.tgz",
      "integrity": "sha512-8QQikdH7//R2vurIJSutZ1smHYTcLpRWEOlHnzcWHmBYrOGUysKwSsrC89BCiFj3CbrfJ/nXFdJepOVrY1GCHQ==",
      "requires": {
        "loose-envify": "^1.4.0",
        "object-assign": "^4.1.1",
        "react-is": "^16.8.1"
      }
    },
    "react-css-styler": {
      "version": "0.4.0",
      "resolved": "https://registry.npmjs.org/react-css-styler/-/react-css-styler-0.4.0.tgz",
      "integrity": "sha512-MrdFt3n/jM8/vol0RNUia2xs6e/ZRhsepuD+q1qkCEG9CJw5R09gxIW6nVbKOIy85meiIjHcPUewnZzGZkufHA==",
      "requires": {
        "@daybrush/utils": "^0.10.0"
      }
    },
    "react-is": {
      "version": "16.9.0",
      "resolved": "https://registry.npmjs.org/react-is/-/react-is-16.9.0.tgz",
      "integrity": "sha512-tJBzzzIgnnRfEm046qRcURvwQnZVXmuCbscxUO5RWrGTXpon2d4c8mI0D8WE6ydVIm29JiLB6+RslkIvym9Rjw=="
    },
    "react-moveable": {
      "version": "0.11.0",
      "resolved": "https://registry.npmjs.org/react-moveable/-/react-moveable-0.11.0.tgz",
      "integrity": "sha512-rpPKt9W1cuLcwtzrR8S++lF+iqjr4fGgeUzFL9v9vV/gCNvl3y91b3ANK60/4MJF7rKpbbxiCuEQ8Jfw86i8/A==",
      "requires": {
        "@daybrush/drag": "^0.9.1",
        "@daybrush/utils": "^0.10.0",
        "@egjs/agent": "^2.1.5",
        "@egjs/children-differ": "^1.0.0",
        "framework-utils": "^0.2.1",
        "react-css-styler": "^0.4.0",
        "react-pure-props": "^0.1.5"
      }
    },
    "react-pure-props": {
      "version": "0.1.5",
      "resolved": "https://registry.npmjs.org/react-pure-props/-/react-pure-props-0.1.5.tgz",
      "integrity": "sha512-U9meZmY0hf4tJVv4T6T7aP6Hfu4LCLddPZuBNiSuxmdz0RfiFxz6ly8rX83iRbGOf+XV6ltpzsJ27pNFwspRrQ==",
      "requires": {
        "shallowequal": "^1.1.0"
      }
    },
    "shallowequal": {
      "version": "1.1.0",
      "resolved": "https://registry.npmjs.org/shallowequal/-/shallowequal-1.1.0.tgz",
      "integrity": "sha512-y0m1JoUZSlPAjXVtPPW70aZWfIL/dSP7AFkRnniLCrK/8MDKog3TySTBmckD+RObVxH0v4Tox67+F14PdED2oQ=="
    },
    "standalone-react-addons-pure-render-mixin": {
      "version": "0.1.1",
      "resolved": "https://registry.npmjs.org/standalone-react-addons-pure-render-mixin/-/standalone-react-addons-pure-render-mixin-0.1.1.tgz",
      "integrity": "sha1-PHQJ9MecQN6axyxhbPZ5qZTzdVE="
    }
  }
}
