{
  "name": "ngx-moveable",
  "version": "0.14.3",
  "lockfileVersion": 1,
  "requires": true,
  "dependencies": {
    "@daybrush/drag": {
      "version": "0.19.1",
      "resolved": "https://registry.npmjs.org/@daybrush/drag/-/drag-0.19.1.tgz",
      "integrity": "sha512-gdS+j+4pnT7ktaIWSAiJmawilWTBsfQUJEkRjUkJWj26k5YAf5ErgPQAdYzStEscHtZlVbfIcvy5IOCr9id93A==",
      "requires": {
        "@daybrush/utils": "^0.10.3"
      }
    },
    "@daybrush/utils": {
      "version": "0.10.5",
      "resolved": "https://registry.npmjs.org/@daybrush/utils/-/utils-0.10.5.tgz",
      "integrity": "sha512-VCPbgJgImkUmGHX33drZJh/5FYBhfSM+EFqlBY7fzKIahBGEemjYfninVSp9BdzqF9P2MyCh7R3hgxmySXLEzg=="
    },
    "@egjs/agent": {
      "version": "2.1.6",
      "resolved": "https://registry.npmjs.org/@egjs/agent/-/agent-2.1.6.tgz",
      "integrity": "sha512-CQki1TnMrYhXg0F46pYH4MSgIUP1fciCRp8n4ubA/3iUn874bWUiwgCjKCzWfmtgtH4pp51/DorDM3bnXmjLVw=="
    },
    "@egjs/children-differ": {
      "version": "1.0.1",
      "resolved": "https://registry.npmjs.org/@egjs/children-differ/-/children-differ-1.0.1.tgz",
      "integrity": "sha512-DRvyqMf+CPCOzAopQKHtW+X8iN6Hy6SFol+/7zCUiE5y4P/OB8JP8FtU4NxtZwtafvSL4faD5KoQYPj3JHzPFQ==",
      "requires": {
        "@egjs/list-differ": "^1.0.0"
      }
    },
    "@egjs/component": {
      "version": "2.1.2",
      "resolved": "https://registry.npmjs.org/@egjs/component/-/component-2.1.2.tgz",
      "integrity": "sha512-7tnPiqxbSZ0porzlm0+/O3qZdanMj0zOq0sb17wQXuaRG49XKKKJaO+SacGnZDqf308N5hzJ0m9fZ4+j+VBvXA=="
    },
    "@egjs/list-differ": {
      "version": "1.0.0",
      "resolved": "https://registry.npmjs.org/@egjs/list-differ/-/list-differ-1.0.0.tgz",
      "integrity": "sha512-HsbMKc0ZAQH+EUeCmI/2PvTYSybmkaWwakU8QGDYYgMVIg9BQ5sM0A0Nnombjxo2+JzXHxmH+jw//yGX+y6GYw=="
    },
    "@scena/dragscroll": {
      "version": "0.2.1",
      "resolved": "https://registry.npmjs.org/@scena/dragscroll/-/dragscroll-0.2.1.tgz",
      "integrity": "sha512-8WrABWGvaALt0xMgesVZuA9Utt1q3zmGyqzWT22W1gfeKwVriqHTVldUQZevWIpgpnpIJtIW+/xFVsLtpmMsSA==",
      "requires": {
        "@egjs/component": "^2.1.2"
      }
    },
    "css-styled": {
      "version": "0.2.1",
      "resolved": "https://registry.npmjs.org/css-styled/-/css-styled-0.2.1.tgz",
      "integrity": "sha512-g/mR31b/milWIh3ThoraDuma4dtJmNrcbIfegFOpR5vafKye+AxpABg/72UU9rZS9gpJJcsqoqgBg5FSCcKYzQ==",
      "requires": {
        "@daybrush/utils": "^0.10.1",
        "string-hash": "^1.1.3"
      }
    },
    "framework-utils": {
      "version": "0.3.4",
      "resolved": "https://registry.npmjs.org/framework-utils/-/framework-utils-0.3.4.tgz",
      "integrity": "sha512-Psekd+sXiHxtjLvK6aqi7vw6sQpShfBQSYlLkxCyhVzpmeTdxv1lCq8BGx++Mm5yw+MUn5IA4WKNO6LZFtOe2Q=="
    },
    "moveable": {
      "version": "0.18.5",
      "resolved": "https://registry.npmjs.org/moveable/-/moveable-0.18.5.tgz",
      "integrity": "sha512-q9afb8jDaau9cZlfBYx9pytHxAKrQIN6DazaFruYhZqWluj1oxpvqP6UvRBGf4191fMzbhOCfW4Lp92q+N2cOw==",
      "requires": {
        "@egjs/component": "^2.1.2",
        "react-compat-moveable": "^0.6.7"
      }
    },
    "react-compat-css-styled": {
      "version": "0.2.0",
      "resolved": "https://registry.npmjs.org/react-compat-css-styled/-/react-compat-css-styled-0.2.0.tgz",
      "integrity": "sha512-j08FMCqkWzJ3xmesk5Tcgbn3QUHLSgndZCj6tVZNYZiSHkfnywUdYb4UDcCsQipL4IUWm2dIEWZmfLzuIO3KSg==",
      "requires": {
        "react-css-styled": "^0.2.0",
        "react-simple-compat": "^0.1.1"
      }
    },
    "react-compat-moveable": {
      "version": "0.6.7",
      "resolved": "https://registry.npmjs.org/react-compat-moveable/-/react-compat-moveable-0.6.7.tgz",
      "integrity": "sha512-phTzAeM7cfKVpM8pJJrNyEQtNyCHstS56NfaxxuUsWDhKRDGuGAwjmOvh3yE0caCkRzwaWf9Q9iduQ5W+QCGGg==",
      "requires": {
        "react-compat-css-styled": "^0.2.0",
        "react-moveable": "^0.21.6",
        "react-simple-compat": "^0.1.8"
      }
    },
    "react-css-styled": {
      "version": "0.2.0",
      "resolved": "https://registry.npmjs.org/react-css-styled/-/react-css-styled-0.2.0.tgz",
      "integrity": "sha512-rVptPq0atJIs5RfyJEN3W57dCEeQyZarEurjEb2y+ebXi4zZRdz2cmFrZaJkPU9zSp7DuavrsYW47bA2sU/b2A==",
      "requires": {
        "css-styled": "^0.2.1",
        "framework-utils": "^0.3.4"
      }
    },
    "react-moveable": {
      "version": "0.21.6",
      "resolved": "https://registry.npmjs.org/react-moveable/-/react-moveable-0.21.6.tgz",
      "integrity": "sha512-e+x7wI1MjpjtLhmxgoTAVwoV7mlexJxUN04TCdhmW6PMpDXy6gnUIyyGBDO6IFRgkWup7t5muUFT+KNKqeAtHw==",
      "requires": {
        "@daybrush/drag": "^0.19.1",
        "@daybrush/utils": "^0.10.5",
        "@egjs/agent": "^2.1.5",
        "@egjs/children-differ": "^1.0.0",
        "@scena/dragscroll": "^0.2.1",
        "framework-utils": "^0.3.4",
        "react-css-styled": "^0.2.0"
      }
    },
    "react-simple-compat": {
      "version": "0.1.8",
      "resolved": "https://registry.npmjs.org/react-simple-compat/-/react-simple-compat-0.1.8.tgz",
      "integrity": "sha512-HZHzvAB+MLbgfofC1y3UcuiflebmYGx/nmQ6oqHHqMr1txc26P8gjAp4sUBDPI3Ll/VraTFVOCoGqvNxdD+Uww==",
      "requires": {
        "@daybrush/utils": "^0.10.1",
        "@egjs/list-differ": "^1.0.0"
      }
    },
    "string-hash": {
      "version": "1.1.3",
      "resolved": "https://registry.npmjs.org/string-hash/-/string-hash-1.1.3.tgz",
      "integrity": "sha1-6Kr8CsGFW0Zmkp7X3RJ1311sgRs="
    },
    "tslib": {
      "version": "2.0.1",
      "resolved": "https://registry.npmjs.org/tslib/-/tslib-2.0.1.tgz",
      "integrity": "sha512-SgIkNheinmEBgx1IUNirK0TUD4X9yjjBRTqqjggWCU3pUEqIk3/Uwl3yRixYKT6WjQuGiwDv4NomL3wqRCj+CQ==",
      "dev": true
    }
  }
}
