{
  "name": "ngx-moveable",
  "version": "0.19.1",
  "lockfileVersion": 1,
  "requires": true,
  "dependencies": {
    "@daybrush/utils": {
      "version": "1.4.0",
      "resolved": "https://registry.npmjs.org/@daybrush/utils/-/utils-1.4.0.tgz",
      "integrity": "sha512-P+l76QjGFwu8IbrFoIHO1equrL02h6wYJLRZ37Snr6o3bPEwPS0mdJqyTZipHMhrWoR44UVtZTUi41GPCDc9PQ=="
    },
    "@egjs/agent": {
      "version": "2.2.1",
      "resolved": "https://registry.npmjs.org/@egjs/agent/-/agent-2.2.1.tgz",
      "integrity": "sha512-SxrZbkYY/tdOmTLvuN/Jm5y/BgVw9l7H/jcdkI7DxO3Dv/6YFU20y+GYBGv+4rZTtmUs4luDucfHrU44IwWDOw=="
    },
    "@egjs/children-differ": {
      "version": "1.0.1",
      "resolved": "https://registry.npmjs.org/@egjs/children-differ/-/children-differ-1.0.1.tgz",
      "integrity": "sha512-DRvyqMf+CPCOzAopQKHtW+X8iN6Hy6SFol+/7zCUiE5y4P/OB8JP8FtU4NxtZwtafvSL4faD5KoQYPj3JHzPFQ==",
      "requires": {
        "@egjs/list-differ": "^1.0.0"
      }
    },
    "@egjs/list-differ": {
      "version": "1.0.0",
      "resolved": "https://registry.npmjs.org/@egjs/list-differ/-/list-differ-1.0.0.tgz",
      "integrity": "sha512-HsbMKc0ZAQH+EUeCmI/2PvTYSybmkaWwakU8QGDYYgMVIg9BQ5sM0A0Nnombjxo2+JzXHxmH+jw//yGX+y6GYw=="
    },
    "@scena/dragscroll": {
      "version": "1.0.0",
      "resolved": "https://registry.npmjs.org/@scena/dragscroll/-/dragscroll-1.0.0.tgz",
      "integrity": "sha512-1SN+Z5dBy+UziGZLSsUeBVupbhamL0WgKCwejz0Zphjle8ao/yhYdA7qBuKN885zWGEMpGNw6DOaXd+zqo1gZg==",
      "requires": {
        "@scena/event-emitter": "^1.0.2"
      }
    },
    "@scena/event-emitter": {
      "version": "1.0.5",
      "resolved": "https://registry.npmjs.org/@scena/event-emitter/-/event-emitter-1.0.5.tgz",
      "integrity": "sha512-AzY4OTb0+7ynefmWFQ6hxDdk0CySAq/D4efljfhtRHCOP7MBF9zUfhKG3TJiroVjASqVgkRJFdenS8ArZo6Olg==",
      "requires": {
        "@daybrush/utils": "^1.1.1"
      }
    },
    "@scena/matrix": {
      "version": "1.1.1",
      "resolved": "https://registry.npmjs.org/@scena/matrix/-/matrix-1.1.1.tgz",
      "integrity": "sha512-JVKBhN0tm2Srl+Yt+Ywqu0oLgLcdemDQlD1OxmN9jaCTwaFPZ7tY8n6dhVgMEaR9qcR7r+kAlMXnSfNyYdE+Vg==",
      "requires": {
        "@daybrush/utils": "^1.4.0"
      }
    },
    "css-styled": {
      "version": "1.0.0",
      "resolved": "https://registry.npmjs.org/css-styled/-/css-styled-1.0.0.tgz",
      "integrity": "sha512-lDdPvM2/djv+La110zVY3RGQ7X4OOlzLS+IEjRcn8UlUmJd1+GNcGfDFmsKWwnLBupsY1w0QM1gRgV4RdcCjfw==",
      "requires": {
        "@daybrush/utils": "^1.0.0",
        "string-hash": "^1.1.3"
      }
    },
    "css-to-mat": {
      "version": "1.0.3",
      "resolved": "https://registry.npmjs.org/css-to-mat/-/css-to-mat-1.0.3.tgz",
      "integrity": "sha512-HADRhVqPc8wFqEp6ClK+uuPYg+FMBinNo2ReLyI/KQCncmHPJ60o5zldyJG7NjsTqXWbdfGJO51jnoxfMvWJiA==",
      "requires": {
        "@daybrush/utils": "^1.3.1",
        "@scena/matrix": "^1.0.0"
      }
    },
    "framework-utils": {
      "version": "0.3.4",
      "resolved": "https://registry.npmjs.org/framework-utils/-/framework-utils-0.3.4.tgz",
      "integrity": "sha512-Psekd+sXiHxtjLvK6aqi7vw6sQpShfBQSYlLkxCyhVzpmeTdxv1lCq8BGx++Mm5yw+MUn5IA4WKNO6LZFtOe2Q=="
    },
    "gesto": {
      "version": "1.3.0",
      "resolved": "https://registry.npmjs.org/gesto/-/gesto-1.3.0.tgz",
      "integrity": "sha512-be9jSmhiDMjMzCQwBewOp/kBtKDB97d3e2lNkojMW9Ckgeu8c8Qglx7fopnLweoIGlIYsqDqwxHdJAkyL/TmFA==",
      "requires": {
        "@daybrush/utils": "^1.0.0",
        "@scena/event-emitter": "^1.0.2"
      }
    },
    "moveable": {
      "version": "0.23.1",
      "resolved": "https://registry.npmjs.org/moveable/-/moveable-0.23.1.tgz",
      "integrity": "sha512-RWfHhxQ6Vh6DQNKCoDhuCa1xoMsABUcEOjebIDX+ytAdJ8N/4sJc5kT/hnBtqpPgnyZzx70HA7oR8lzOeoDBaw==",
      "requires": {
        "@scena/event-emitter": "^1.0.3",
        "react-compat-moveable": "^0.11.2"
      }
    },
    "overlap-area": {
      "version": "1.0.0",
      "resolved": "https://registry.npmjs.org/overlap-area/-/overlap-area-1.0.0.tgz",
      "integrity": "sha512-Oi3hxRf6Flvv1upldnjOtV7euFkc75G/wsxYfS/ssNKEZ3Z+HbIoPHkFfLH3hgwqLJKpq9wdFo7I6xcdS6k8yg==",
      "requires": {
        "@daybrush/utils": "^1.3.1"
      }
    },
    "react-compat-css-styled": {
      "version": "1.0.6",
      "resolved": "https://registry.npmjs.org/react-compat-css-styled/-/react-compat-css-styled-1.0.6.tgz",
      "integrity": "sha512-xzEq7a06ttItTA29nqBbso1fw7pOirU3iEsYyvSo0pz8NJ5pflLWPq3hJ/0/J1M8OOfOrlfuA5xQSlzcLBX8eQ==",
      "requires": {
        "@daybrush/utils": "^1.0.0",
        "css-styled": "^1.0.0",
        "framework-utils": "^0.3.4",
        "react-css-styled": "^1.0.2",
        "react-simple-compat": "^1.1.0"
      }
    },
    "react-compat-moveable": {
      "version": "0.11.2",
      "resolved": "https://registry.npmjs.org/react-compat-moveable/-/react-compat-moveable-0.11.2.tgz",
      "integrity": "sha512-FeGRfznovhqVqfLYUgGViIF5lnhEhhNItitF2+gkNPxaKGpY5ao7BXXbui866AUB9B/RXYuH4MHA0MnTqKkxSQ==",
      "requires": {
        "react-compat-css-styled": "^1.0.5",
        "react-moveable": "^0.26.2",
        "react-simple-compat": "^1.1.0"
      }
    },
    "react-css-styled": {
      "version": "1.0.2",
      "resolved": "https://registry.npmjs.org/react-css-styled/-/react-css-styled-1.0.2.tgz",
      "integrity": "sha512-5XBI2lLNO1q2N0l6B4VWbGIlysVCsMJavWvu4ydDe58EToBP9tF0HNCUS7p8MyhQRnwCe9JCW6HkXU0TkVvS4A==",
      "requires": {
        "css-styled": "^1.0.0",
        "framework-utils": "^0.3.4"
      }
    },
    "react-moveable": {
      "version": "0.26.2",
      "resolved": "https://registry.npmjs.org/react-moveable/-/react-moveable-0.26.2.tgz",
      "integrity": "sha512-sFg8wR187SoOWpto/IaeLTqKIOjHBm8PS8lJHrbObFiq4DR3Ilm/GfYb89mRG14mBts5lc6UH6P9vARcoOkGgw==",
      "requires": {
        "@daybrush/utils": "^1.4.0",
        "@egjs/agent": "^2.2.1",
        "@egjs/children-differ": "^1.0.1",
        "@scena/dragscroll": "^1.0.0",
        "@scena/matrix": "^1.1.1",
        "css-to-mat": "^1.0.2",
        "framework-utils": "^1.0.0",
        "gesto": "^1.2.1",
        "overlap-area": "^1.0.0",
        "react-css-styled": "^1.0.1"
      },
      "dependencies": {
        "framework-utils": {
          "version": "1.0.0",
          "resolved": "https://registry.npmjs.org/framework-utils/-/framework-utils-1.0.0.tgz",
          "integrity": "sha512-VaLAACczIasEtFAFEfV6+sqkhOnEdpFTxyV129DAe56+gokKvNOvWMGCc5pcocLUo13ER2vOAUz+1hRsSUdO5A=="
        }
      }
    },
    "react-simple-compat": {
      "version": "1.1.0",
      "resolved": "https://registry.npmjs.org/react-simple-compat/-/react-simple-compat-1.1.0.tgz",
      "integrity": "sha512-jnwwX5QTktcZgZDJYukN2qCxu4WQBrFHu3d4zTdvGaeGA61sUn1Qsv8cOSeW1HSyPE9oEUBIBrOqwEFA1VWDbA==",
      "requires": {
        "@daybrush/utils": "^1.0.0",
        "@egjs/list-differ": "^1.0.0"
      }
    },
    "string-hash": {
      "version": "1.1.3",
      "resolved": "https://registry.npmjs.org/string-hash/-/string-hash-1.1.3.tgz",
      "integrity": "sha1-6Kr8CsGFW0Zmkp7X3RJ1311sgRs="
    },
    "tslib": {
      "version": "2.0.1",
      "resolved": "https://registry.npmjs.org/tslib/-/tslib-2.0.1.tgz",
      "integrity": "sha512-SgIkNheinmEBgx1IUNirK0TUD4X9yjjBRTqqjggWCU3pUEqIk3/Uwl3yRixYKT6WjQuGiwDv4NomL3wqRCj+CQ==",
      "dev": true
    }
  }
}
